
Microsoft Visual Studio Solution File, Format Version 12.00
# Visual Studio Version 17
VisualStudioVersion = 17.0.31919.166
MinimumVisualStudioVersion = 10.0.40219.1
Project("{F184B08F-C81C-45F6-A57F-5ABD9991F28F}") = "Group16Project", "Group16Project\Group16Project.vbproj", "{16FFE0D4-41C9-48F4-9A7A-05FDD5E8657C}"
EndProject
Global
	GlobalSection(SolutionConfigurationPlatforms) = preSolution
		Debug|Any CPU = Debug|Any CPU
		Release|Any CPU = Release|Any CPU
	EndGlobalSection
	GlobalSection(ProjectConfigurationPlatforms) = postSolution
		{16FFE0D4-41C9-48F4-9A7A-05FDD5E8657C}.Debug|Any CPU.ActiveCfg = Debug|Any CPU
		{16FFE0D4-41C9-48F4-9A7A-05FDD5E8657C}.Debug|Any CPU.Build.0 = Debug|Any CPU
		{16FFE0D4-41C9-48F4-9A7A-05FDD5E8657C}.Release|Any CPU.ActiveCfg = Release|Any CPU
		{16FFE0D4-41C9-48F4-9A7A-05FDD5E8657C}.Release|Any CPU.Build.0 = Release|Any CPU
	EndGlobalSection
	GlobalSection(SolutionProperties) = preSolution
		HideSolutionNode = FALSE
	EndGlobalSection
	GlobalSection(ExtensibilityGlobals) = postSolution
		SolutionGuid = {EFBEC474-982D-4DC4-8AED-4A0B9D14E9BC}
	EndGlobalSection
EndGlobal
